<?xml version="1.0" encoding="UTF-8" standalone="yes" ?>
<CodeBlocks_project_file>
	<FileVersion major="1" minor="6" />
	<Project>
		<Option title="trabalho1" />
		<Option pch_mode="2" />
		<Option compiler="gcc" />
		<Build>
			<Target title="Debug">
				<Option output="bin/Debug/trabalho1" prefix_auto="1" extension_auto="1" />
				<Option object_output="obj/Debug/" />
				<Option type="1" />
				<Option compiler="gcc" />
				<Compiler>
					<Add option="-g" />
				</Compiler>
				<Linker>
					<Add library="C:/Users/mathe/Documents/codeblocks2.0/Trabalho Em progresso/codigo/pdcurses.lib" />
				</Linker>
			</Target>
			<Target title="Release">
				<Option output="bin/Release/trabalho1" prefix_auto="1" extension_auto="1" />
				<Option object_output="obj/Release/" />
				<Option type="1" />
				<Option compiler="gcc" />
				<Compiler>
					<Add option="-O2" />
				</Compiler>
				<Linker>
					<Add option="-s" />
				</Linker>
			</Target>
		</Build>
		<Compiler>
			<Add option="-Wall" />
		</Compiler>
		<Unit filename="auxiliar.cpp" />
		<Unit filename="auxiliar.h" />
		<Unit filename="builder.cpp" />
		<Unit filename="builder.h" />
		<Unit filename="comandosApresentacao.cpp" />
		<Unit filename="comandosApresentacao.h" />
		<Unit filename="container.cpp" />
		<Unit filename="container.h" />
		<Unit filename="controladorasApresentacao.cpp" />
		<Unit filename="controladorasApresentacao.h" />
		<Unit filename="controladorasServico.cpp" />
		<Unit filename="controladorasServico.h" />
		<Unit filename="dominios.cpp" />
		<Unit filename="dominios.h" />
		<Unit filename="entidades.cpp" />
		<Unit filename="entidades.h" />
		<Unit filename="interfaces.h" />
		<Unit filename="main.cpp" />
		<Unit filename="stubs.cpp" />
		<Unit filename="stubs.h" />
		<Unit filename="testesDominio.cpp" />
		<Unit filename="testesDominio.h" />
		<Unit filename="testesEntidade.cpp" />
		<Unit filename="testesEntidade.h" />
		<Extensions>
			<code_completion />
			<envvars />
			<debugger />
			<lib_finder disable_auto="1" />
		</Extensions>
	</Project>
</CodeBlocks_project_file>
